// !$*UTF8*$!
{
	archiveVersion = 1;
	classes = {
	};
	objectVersion = 46;
	objects = {

/* Begin PBXBuildFile section */
		44943D641B67BC0D00612AC3 /* PanoramioImporter.swift in Sources */ = {isa = PBXBuildFile; fileRef = 44943D611B67BC0D00612AC3 /* PanoramioImporter.swift */; };
		44943D651B67BC0D00612AC3 /* LocalImporter.swift in Sources */ = {isa = PBXBuildFile; fileRef = 44943D621B67BC0D00612AC3 /* LocalImporter.swift */; };
		44943D661B67BC0D00612AC3 /* Importer.swift in Sources */ = {isa = PBXBuildFile; fileRef = 44943D631B67BC0D00612AC3 /* Importer.swift */; };
		449D89E91B66305D00A5013F /* AppDelegate.swift in Sources */ = {isa = PBXBuildFile; fileRef = 449D89E81B66305D00A5013F /* AppDelegate.swift */; };
		449D89EB1B66305D00A5013F /* MBAssetsImporterViewController.swift in Sources */ = {isa = PBXBuildFile; fileRef = 449D89EA1B66305D00A5013F /* MBAssetsImporterViewController.swift */; };
		449D89EE1B66305D00A5013F /* Main.storyboard in Resources */ = {isa = PBXBuildFile; fileRef = 449D89EC1B66305D00A5013F /* Main.storyboard */; };
		449D89F01B66305D00A5013F /* Assets.xcassets in Resources */ = {isa = PBXBuildFile; fileRef = 449D89EF1B66305D00A5013F /* Assets.xcassets */; };
		449D89F31B66305D00A5013F /* LaunchScreen.storyboard in Resources */ = {isa = PBXBuildFile; fileRef = 449D89F11B66305D00A5013F /* LaunchScreen.storyboard */; };
		A646FC3F0EE956870D6630F1 /* Pods.framework in Frameworks */ = {isa = PBXBuildFile; fileRef = 078BABDC0EDA0AE4F65293CF /* Pods.framework */; settings = {ATTRIBUTES = (Weak, ); }; };
/* End PBXBuildFile section */

/* Begin PBXFileReference section */
		078BABDC0EDA0AE4F65293CF /* Pods.framework */ = {isa = PBXFileReference; explicitFileType = wrapper.framework; includeInIndex = 0; path = Pods.framework; sourceTree = BUILT_PRODUCTS_DIR; };
		0C1F16A9CA63C0DE3E590967 /* Pods.release.xcconfig */ = {isa = PBXFileReference; includeInIndex = 1; lastKnownFileType = text.xcconfig; name = Pods.release.xcconfig; path = "Pods/Target Support Files/Pods/Pods.release.xcconfig"; sourceTree = "<group>"; };
		44943D611B67BC0D00612AC3 /* PanoramioImporter.swift */ = {isa = PBXFileReference; fileEncoding = 4; lastKnownFileType = sourcecode.swift; path = PanoramioImporter.swift; sourceTree = "<group>"; };
		44943D621B67BC0D00612AC3 /* LocalImporter.swift */ = {isa = PBXFileReference; fileEncoding = 4; lastKnownFileType = sourcecode.swift; path = LocalImporter.swift; sourceTree = "<group>"; };
		44943D631B67BC0D00612AC3 /* Importer.swift */ = {isa = PBXFileReference; fileEncoding = 4; lastKnownFileType = sourcecode.swift; path = Importer.swift; sourceTree = "<group>"; };
		449D89E51B66305D00A5013F /* MBAssetsImporter.app */ = {isa = PBXFileReference; explicitFileType = wrapper.application; includeInIndex = 0; path = MBAssetsImporter.app; sourceTree = BUILT_PRODUCTS_DIR; };
		449D89E81B66305D00A5013F /* AppDelegate.swift */ = {isa = PBXFileReference; lastKnownFileType = sourcecode.swift; path = AppDelegate.swift; sourceTree = "<group>"; };
		449D89EA1B66305D00A5013F /* MBAssetsImporterViewController.swift */ = {isa = PBXFileReference; lastKnownFileType = sourcecode.swift; path = MBAssetsImporterViewController.swift; sourceTree = "<group>"; };
		449D89ED1B66305D00A5013F /* Base */ = {isa = PBXFileReference; lastKnownFileType = file.storyboard; name = Base; path = Base.lproj/Main.storyboard; sourceTree = "<group>"; };
		449D89EF1B66305D00A5013F /* Assets.xcassets */ = {isa = PBXFileReference; lastKnownFileType = folder.assetcatalog; path = Assets.xcassets; sourceTree = "<group>"; };
		449D89F21B66305D00A5013F /* Base */ = {isa = PBXFileReference; lastKnownFileType = file.storyboard; name = Base; path = Base.lproj/LaunchScreen.storyboard; sourceTree = "<group>"; };
		449D89F41B66305D00A5013F /* Info.plist */ = {isa = PBXFileReference; lastKnownFileType = text.plist.xml; path = Info.plist; sourceTree = "<group>"; };
		BC77C73F13B8176CFA646A66 /* Pods.debug.xcconfig */ = {isa = PBXFileReference; includeInIndex = 1; lastKnownFileType = text.xcconfig; name = Pods.debug.xcconfig; path = "Pods/Target Support Files/Pods/Pods.debug.xcconfig"; sourceTree = "<group>"; };
/* End PBXFileReference section */

/* Begin PBXFrameworksBuildPhase section */
		449D89E21B66305D00A5013F /* Frameworks */ = {
			isa = PBXFrameworksBuildPhase;
			buildActionMask = 2147483647;
			files = (
				A646FC3F0EE956870D6630F1 /* Pods.framework in Frameworks */,
			);
			runOnlyForDeploymentPostprocessing = 0;
		};
/* End PBXFrameworksBuildPhase section */

/* Begin PBXGroup section */
		43FD9EB8BA971E2E4E121062 /* Frameworks */ = {
			isa = PBXGroup;
			children = (
				078BABDC0EDA0AE4F65293CF /* Pods.framework */,
			);
			name = Frameworks;
			sourceTree = "<group>";
		};
		449D89DC1B66305D00A5013F = {
			isa = PBXGroup;
			children = (
				449D89E71B66305D00A5013F /* MBAssetsImporter */,
				449D89E61B66305D00A5013F /* Products */,
				A991688F7C39508C62A0B6B8 /* Pods */,
				43FD9EB8BA971E2E4E121062 /* Frameworks */,
			);
			sourceTree = "<group>";
		};
		449D89E61B66305D00A5013F /* Products */ = {
			isa = PBXGroup;
			children = (
				449D89E51B66305D00A5013F /* MBAssetsImporter.app */,
			);
			name = Products;
			sourceTree = "<group>";
		};
		449D89E71B66305D00A5013F /* MBAssetsImporter */ = {
			isa = PBXGroup;
			children = (
				44943D611B67BC0D00612AC3 /* PanoramioImporter.swift */,
				44943D621B67BC0D00612AC3 /* LocalImporter.swift */,
				44943D631B67BC0D00612AC3 /* Importer.swift */,
				449D89E81B66305D00A5013F /* AppDelegate.swift */,
				449D89EA1B66305D00A5013F /* MBAssetsImporterViewController.swift */,
				449D89EC1B66305D00A5013F /* Main.storyboard */,
				449D89EF1B66305D00A5013F /* Assets.xcassets */,
				449D89F11B66305D00A5013F /* LaunchScreen.storyboard */,
				449D89F41B66305D00A5013F /* Info.plist */,
			);
			path = MBAssetsImporter;
			sourceTree = "<group>";
		};
		A991688F7C39508C62A0B6B8 /* Pods */ = {
			isa = PBXGroup;
			children = (
				BC77C73F13B8176CFA646A66 /* Pods.debug.xcconfig */,
				0C1F16A9CA63C0DE3E590967 /* Pods.release.xcconfig */,
			);
			name = Pods;
			sourceTree = "<group>";
		};
/* End PBXGroup section */

/* Begin PBXNativeTarget section */
		449D89E41B66305D00A5013F /* MBAssetsImporter */ = {
			isa = PBXNativeTarget;
			buildConfigurationList = 449D89F71B66305D00A5013F /* Build configuration list for PBXNativeTarget "MBAssetsImporter" */;
			buildPhases = (
				227B0612CB8FAF000911BDCA /* Check Pods Manifest.lock */,
				449D89E11B66305D00A5013F /* Sources */,
				449D89E21B66305D00A5013F /* Frameworks */,
				449D89E31B66305D00A5013F /* Resources */,
				DB3FAC7F91393C6FA8700408 /* Copy Pods Resources */,
				629577A8C0E937BE98C8FAC1 /* Embed Pods Frameworks */,
			);
			buildRules = (
			);
			dependencies = (
			);
			name = MBAssetsImporter;
			productName = MBAssetsImporter;
			productReference = 449D89E51B66305D00A5013F /* MBAssetsImporter.app */;
			productType = "com.apple.product-type.application";
		};
/* End PBXNativeTarget section */

/* Begin PBXProject section */
		449D89DD1B66305D00A5013F /* Project object */ = {
			isa = PBXProject;
			attributes = {
				LastSwiftUpdateCheck = 0700;
				LastUpgradeCheck = 0700;
				ORGANIZATIONNAME = "Mati Bot";
				TargetAttributes = {
					449D89E41B66305D00A5013F = {
						CreatedOnToolsVersion = 7.0;
					};
				};
			};
			buildConfigurationList = 449D89E01B66305D00A5013F /* Build configuration list for PBXProject "MBAssetsImporter" */;
			compatibilityVersion = "Xcode 3.2";
			developmentRegion = English;
			hasScannedForEncodings = 0;
			knownRegions = (
				en,
				Base,
			);
			mainGroup = 449D89DC1B66305D00A5013F;
			productRefGroup = 449D89E61B66305D00A5013F /* Products */;
			projectDirPath = "";
			projectRoot = "";
			targets = (
				449D89E41B66305D00A5013F /* MBAssetsImporter */,
			);
		};
/* End PBXProject section */

/* Begin PBXResourcesBuildPhase section */
		449D89E31B66305D00A5013F /* Resources */ = {
			isa = PBXResourcesBuildPhase;
			buildActionMask = 2147483647;
			files = (
				449D89F31B66305D00A5013F /* LaunchScreen.storyboard in Resources */,
				449D89F01B66305D00A5013F /* Assets.xcassets in Resources */,
				449D89EE1B66305D00A5013F /* Main.storyboard in Resources */,
			);
			runOnlyForDeploymentPostprocessing = 0;
		};
/* End PBXResourcesBuildPhase section */

/* Begin PBXShellScriptBuildPhase section */
		227B0612CB8FAF000911BDCA /* Check Pods Manifest.lock */ = {
			isa = PBXShellScriptBuildPhase;
			buildActionMask = 2147483647;
			files = (
			);
			inputPaths = (
			);
			name = "Check Pods Manifest.lock";
			outputPaths = (
			);
			runOnlyForDeploymentPostprocessing = 0;
			shellPath = /bin/sh;
			shellScript = "diff \"${PODS_ROOT}/../Podfile.lock\" \"${PODS_ROOT}/Manifest.lock\" > /dev/null\nif [[ $? != 0 ]] ; then\n    cat << EOM\nerror: The sandbox is not in sync with the Podfile.lock. Run 'pod install' or update your CocoaPods installation.\nEOM\n    exit 1\nfi\n";
			showEnvVarsInLog = 0;
		};
		629577A8C0E937BE98C8FAC1 /* Embed Pods Frameworks */ = {
			isa = PBXShellScriptBuildPhase;
			buildActionMask = 2147483647;
			files = (
			);
			inputPaths = (
			);
			name = "Embed Pods Frameworks";
			outputPaths = (
			);
			runOnlyForDeploymentPostprocessing = 0;
			shellPath = /bin/sh;
			shellScript = "\"${SRCROOT}/Pods/Target Support Files/Pods/Pods-frameworks.sh\"\n";
			showEnvVarsInLog = 0;
		};
		DB3FAC7F91393C6FA8700408 /* Copy Pods Resources */ = {
			isa = PBXShellScriptBuildPhase;
			buildActionMask = 2147483647;
			files = (
			);
			inputPaths = (
			);
			name = "Copy Pods Resources";
			outputPaths = (
			);
			runOnlyForDeploymentPostprocessing = 0;
			shellPath = /bin/sh;
			shellScript = "\"${SRCROOT}/Pods/Target Support Files/Pods/Pods-resources.sh\"\n";
			showEnvVarsInLog = 0;
		};
/* End PBXShellScriptBuildPhase section */

/* Begin PBXSourcesBuildPhase section */
		449D89E11B66305D00A5013F /* Sources */ = {
			isa = PBXSourcesBuildPhase;
			buildActionMask = 2147483647;
			files = (
				44943D661B67BC0D00612AC3 /* Importer.swift in Sources */,
				449D89EB1B66305D00A5013F /* MBAssetsImporterViewController.swift in Sources */,
				44943D641B67BC0D00612AC3 /* PanoramioImporter.swift in Sources */,
				449D89E91B66305D00A5013F /* AppDelegate.swift in Sources */,
				44943D651B67BC0D00612AC3 /* LocalImporter.swift in Sources */,
			);
			runOnlyForDeploymentPostprocessing = 0;
		};
/* End PBXSourcesBuildPhase section */

/* Begin PBXVariantGroup section */
		449D89EC1B66305D00A5013F /* Main.storyboard */ = {
			isa = PBXVariantGroup;
			children = (
				449D89ED1B66305D00A5013F /* Base */,
			);
			name = Main.storyboard;
			sourceTree = "<group>";
		};
		449D89F11B66305D00A5013F /* LaunchScreen.storyboard */ = {
			isa = PBXVariantGroup;
			children = (
				449D89F21B66305D00A5013F /* Base */,
			);
			name = LaunchScreen.storyboard;
			sourceTree = "<group>";
		};
/* End PBXVariantGroup section */

/* Begin XCBuildConfiguration section */
		449D89F51B66305D00A5013F /* Debug */ = {
			isa = XCBuildConfiguration;
			buildSettings = {
				ALWAYS_SEARCH_USER_PATHS = NO;
				CLANG_CXX_LANGUAGE_STANDARD = "gnu++0x";
				CLANG_CXX_LIBRARY = "libc++";
				CLANG_ENABLE_MODULES = YES;
				CLANG_ENABLE_OBJC_ARC = YES;
				CLANG_WARN_BOOL_CONVERSION = YES;
				CLANG_WARN_CONSTANT_CONVERSION = YES;
				CLANG_WARN_DIRECT_OBJC_ISA_USAGE = YES_ERROR;
				CLANG_WARN_EMPTY_BODY = YES;
				CLANG_WARN_ENUM_CONVERSION = YES;
				CLANG_WARN_INT_CONVERSION = YES;
				CLANG_WARN_OBJC_ROOT_CLASS = YES_ERROR;
				CLANG_WARN_UNREACHABLE_CODE = YES;
				CLANG_WARN__DUPLICATE_METHOD_MATCH = YES;
				"CODE_SIGN_IDENTITY[sdk=iphoneos*]" = "iPhone Developer";
				COPY_PHASE_STRIP = NO;
				DEBUG_INFORMATION_FORMAT = dwarf;
				ENABLE_STRICT_OBJC_MSGSEND = YES;
				ENABLE_TESTABILITY = YES;
				GCC_C_LANGUAGE_STANDARD = gnu99;
				GCC_DYNAMIC_NO_PIC = NO;
				GCC_NO_COMMON_BLOCKS = YES;
				GCC_OPTIMIZATION_LEVEL = 0;
				GCC_PREPROCESSOR_DEFINITIONS = (
					"DEBUG=1",
					"$(inherited)",
				);
				GCC_WARN_64_TO_32_BIT_CONVERSION = YES;
				GCC_WARN_ABOUT_RETURN_TYPE = YES_ERROR;
				GCC_WARN_UNDECLARED_SELECTOR = YES;
				GCC_WARN_UNINITIALIZED_AUTOS = YES_AGGRESSIVE;
				GCC_WARN_UNUSED_FUNCTION = YES;
				GCC_WARN_UNUSED_VARIABLE = YES;
				IPHONEOS_DEPLOYMENT_TARGET = 9.0;
				MTL_ENABLE_DEBUG_INFO = YES;
				ONLY_ACTIVE_ARCH = YES;
				SDKROOT = iphoneos;
				SWIFT_OPTIMIZATION_LEVEL = "-Onone";
				TARGETED_DEVICE_FAMILY = "1,2";
			};
			name = Debug;
		};
		449D89F61B66305D00A5013F /* Release */ = {
			isa = XCBuildConfiguration;
			buildSettings = {
				ALWAYS_SEARCH_USER_PATHS = NO;
				CLANG_CXX_LANGUAGE_STANDARD = "gnu++0x";
				CLANG_CXX_LIBRARY = "libc++";
				CLANG_ENABLE_MODULES = YES;
				CLANG_ENABLE_OBJC_ARC = YES;
				CLANG_WARN_BOOL_CONVERSION = YES;
				CLANG_WARN_CONSTANT_CONVERSION = YES;
				CLANG_WARN_DIRECT_OBJC_ISA_USAGE = YES_ERROR;
				CLANG_WARN_EMPTY_BODY = YES;
				CLANG_WARN_ENUM_CONVERSION = YES;
				CLANG_WARN_INT_CONVERSION = YES;
				CLANG_WARN_OBJC_ROOT_CLASS = YES_ERROR;
				CLANG_WARN_UNREACHABLE_CODE = YES;
				CLANG_WARN__DUPLICATE_METHOD_MATCH = YES;
				"CODE_SIGN_IDENTITY[sdk=iphoneos*]" = "iPhone Developer";
				COPY_PHASE_STRIP = NO;
				DEBUG_INFORMATION_FORMAT = "dwarf-with-dsym";
				ENABLE_NS_ASSERTIONS = NO;
				ENABLE_STRICT_OBJC_MSGSEND = YES;
				GCC_C_LANGUAGE_STANDARD = gnu99;
				GCC_NO_COMMON_BLOCKS = YES;
				GCC_WARN_64_TO_32_BIT_CONVERSION = YES;
				GCC_WARN_ABOUT_RETURN_TYPE = YES_ERROR;
				GCC_WARN_UNDECLARED_SELECTOR = YES;
				GCC_WARN_UNINITIALIZED_AUTOS = YES_AGGRESSIVE;
				GCC_WARN_UNUSED_FUNCTION = YES;
				GCC_WARN_UNUSED_VARIABLE = YES;
				IPHONEOS_DEPLOYMENT_TARGET = 9.0;
				MTL_ENABLE_DEBUG_INFO = NO;
				SDKROOT = iphoneos;
				TARGETED_DEVICE_FAMILY = "1,2";
				VALIDATE_PRODUCT = YES;
			};
			name = Release;
		};
		449D89F81B66305D00A5013F /* Debug */ = {
			isa = XCBuildConfiguration;
			baseConfigurationReference = BC77C73F13B8176CFA646A66 /* Pods.debug.xcconfig */;
			buildSettings = {
				ASSETCATALOG_COMPILER_APPICON_NAME = AppIcon;
				CLANG_ENABLE_MODULES = YES;
				INFOPLIST_FILE = MBAssetsImporter/Info.plist;
				LD_RUNPATH_SEARCH_PATHS = "$(inherited) @executable_path/Frameworks";
				PRODUCT_BUNDLE_IDENTIFIER = MB.MBAssetsImporter;
				PRODUCT_NAME = "$(TARGET_NAME)";
				SWIFT_INSTALL_OBJC_HEADER = NO;
				SWIFT_OPTIMIZATION_LEVEL = "-Onone";
			};
			name = Debug;
		};
		449D89F91B66305D00A5013F /* Release */ = {
			isa = XCBuildConfiguration;
			baseConfigurationReference = 0C1F16A9CA63C0DE3E590967 /* Pods.release.xcconfig */;
			buildSettings = {
				ASSETCATALOG_COMPILER_APPICON_NAME = AppIcon;
				CLANG_ENABLE_MODULES = YES;
				INFOPLIST_FILE = MBAssetsImporter/Info.plist;
				LD_RUNPATH_SEARCH_PATHS = "$(inherited) @executable_path/Frameworks";
				PRODUCT_BUNDLE_IDENTIFIER = MB.MBAssetsImporter;
				PRODUCT_NAME = "$(TARGET_NAME)";
				SWIFT_INSTALL_OBJC_HEADER = NO;
			};
			name = Release;
		};
/* End XCBuildConfiguration section */

/* Begin XCConfigurationList section */
		449D89E01B66305D00A5013F /* Build configuration list for PBXProject "MBAssetsImporter" */ = {
			isa = XCConfigurationList;
			buildConfigurations = (
				449D89F51B66305D00A5013F /* Debug */,
				449D89F61B66305D00A5013F /* Release */,
			);
			defaultConfigurationIsVisible = 0;
			defaultConfigurationName = Release;
		};
		449D89F71B66305D00A5013F /* Build configuration list for PBXNativeTarget "MBAssetsImporter" */ = {
			isa = XCConfigurationList;
			buildConfigurations = (
				449D89F81B66305D00A5013F /* Debug */,
				449D89F91B66305D00A5013F /* Release */,
			);
			defaultConfigurationIsVisible = 0;
			defaultConfigurationName = Release;
		};
/* End XCConfigurationList section */
	};
	rootObject = 449D89DD1B66305D00A5013F /* Project object */;
}
